
Microsoft Visual Studio Solution File, Format Version 12.00
# Visual Studio Version 17
VisualStudioVersion = 17.11.35431.28
MinimumVisualStudioVersion = 10.0.40219.1
Project("{FAE04EC0-301F-11D3-BF4B-00C04F79EFBC}") = "InstantPaymentAdmin", "InstantPaymentAdmin\InstantPaymentAdmin.csproj", "{2E237D14-5921-4005-919B-7FF4E5C1157B}"
EndProject
Project("{FAE04EC0-301F-11D3-BF4B-00C04F79EFBC}") = "InstantPayBusiness", "InstantPayBusiness\InstantPayBusiness.csproj", "{8125956F-FC3A-4D6F-BFC3-DA08712BFBDB}"
EndProject
Project("{FAE04EC0-301F-11D3-BF4B-00C04F79EFBC}") = "InstantPayDataAccess", "InstantPayDataAccess\InstantPayDataAccess.csproj", "{C6C38059-38B8-4B35-AEAC-E8D32BDD62E7}"
EndProject
Global
	GlobalSection(SolutionConfigurationPlatforms) = preSolution
		Debug|Any CPU = Debug|Any CPU
		Release|Any CPU = Release|Any CPU
	EndGlobalSection
	GlobalSection(ProjectConfigurationPlatforms) = postSolution
		{2E237D14-5921-4005-919B-7FF4E5C1157B}.Debug|Any CPU.ActiveCfg = Debug|Any CPU
		{2E237D14-5921-4005-919B-7FF4E5C1157B}.Debug|Any CPU.Build.0 = Debug|Any CPU
		{2E237D14-5921-4005-919B-7FF4E5C1157B}.Release|Any CPU.ActiveCfg = Release|Any CPU
		{2E237D14-5921-4005-919B-7FF4E5C1157B}.Release|Any CPU.Build.0 = Release|Any CPU
		{8125956F-FC3A-4D6F-BFC3-DA08712BFBDB}.Debug|Any CPU.ActiveCfg = Debug|Any CPU
		{8125956F-FC3A-4D6F-BFC3-DA08712BFBDB}.Debug|Any CPU.Build.0 = Debug|Any CPU
		{8125956F-FC3A-4D6F-BFC3-DA08712BFBDB}.Release|Any CPU.ActiveCfg = Release|Any CPU
		{8125956F-FC3A-4D6F-BFC3-DA08712BFBDB}.Release|Any CPU.Build.0 = Release|Any CPU
		{C6C38059-38B8-4B35-AEAC-E8D32BDD62E7}.Debug|Any CPU.ActiveCfg = Debug|Any CPU
		{C6C38059-38B8-4B35-AEAC-E8D32BDD62E7}.Debug|Any CPU.Build.0 = Debug|Any CPU
		{C6C38059-38B8-4B35-AEAC-E8D32BDD62E7}.Release|Any CPU.ActiveCfg = Release|Any CPU
		{C6C38059-38B8-4B35-AEAC-E8D32BDD62E7}.Release|Any CPU.Build.0 = Release|Any CPU
	EndGlobalSection
	GlobalSection(SolutionProperties) = preSolution
		HideSolutionNode = FALSE
	EndGlobalSection
	GlobalSection(ExtensibilityGlobals) = postSolution
		SolutionGuid = {709A016F-B560-4EF8-92DA-93089D294B82}
	EndGlobalSection
EndGlobal
